
Microsoft Visual Studio Solution File, Format Version 12.00
# Visual Studio Version 16
VisualStudioVersion = 16.0.31410.357
MinimumVisualStudioVersion = 10.0.40219.1
Project("{FAE04EC0-301F-11D3-BF4B-00C04F79EFBC}") = "Collections", "Collections\Collections.csproj", "{3EB3936B-8F25-4382-B218-2CF4AE975A94}"
EndProject
Global
	GlobalSection(SolutionConfigurationPlatforms) = preSolution
		Debug|Any CPU = Debug|Any CPU
		Release|Any CPU = Release|Any CPU
	EndGlobalSection
	GlobalSection(ProjectConfigurationPlatforms) = postSolution
		{3EB3936B-8F25-4382-B218-2CF4AE975A94}.Debug|Any CPU.ActiveCfg = Debug|Any CPU
		{3EB3936B-8F25-4382-B218-2CF4AE975A94}.Debug|Any CPU.Build.0 = Debug|Any CPU
		{3EB3936B-8F25-4382-B218-2CF4AE975A94}.Release|Any CPU.ActiveCfg = Release|Any CPU
		{3EB3936B-8F25-4382-B218-2CF4AE975A94}.Release|Any CPU.Build.0 = Release|Any CPU
	EndGlobalSection
	GlobalSection(SolutionProperties) = preSolution
		HideSolutionNode = FALSE
	EndGlobalSection
	GlobalSection(ExtensibilityGlobals) = postSolution
		SolutionGuid = {F90FCC1F-B6F2-47E3-9345-7E6A08E6FEE9}
	EndGlobalSection
EndGlobal
